
Microsoft Visual Studio Solution File, Format Version 12.00
# Visual Studio Version 17
VisualStudioVersion = 17.4.33205.214
MinimumVisualStudioVersion = 10.0.40219.1
Project("{9A19103F-16F7-4668-BE54-9A1E7A4F7556}") = "MyWC.Logic", "MyWC.Logic\MyWC.Logic.csproj", "{390D7EB1-2C7D-4B4B-9016-6D498C28B92A}"
EndProject
Project("{9A19103F-16F7-4668-BE54-9A1E7A4F7556}") = "MyWC.DataModels", "MyWC.DataModels\MyWC.DataModels.csproj", "{863418AF-B1CD-468B-B387-4C17B9184D80}"
EndProject
Project("{9A19103F-16F7-4668-BE54-9A1E7A4F7556}") = "MyWC.Api", "MyWC.Api\MyWC.Api.csproj", "{D32C12D0-3106-495B-B0FB-6F41C51DB13A}"
EndProject
Project("{FAE04EC0-301F-11D3-BF4B-00C04F79EFBC}") = "MyWC.WebBlazer", "MyWC.WebBlazer\MyWC.WebBlazer.csproj", "{6EDB584C-6E2B-4EBF-A190-2BC6443BD7E8}"
EndProject
Global
	GlobalSection(SolutionConfigurationPlatforms) = preSolution
		Debug|Any CPU = Debug|Any CPU
		Release|Any CPU = Release|Any CPU
	EndGlobalSection
	GlobalSection(ProjectConfigurationPlatforms) = postSolution
		{390D7EB1-2C7D-4B4B-9016-6D498C28B92A}.Debug|Any CPU.ActiveCfg = Debug|Any CPU
		{390D7EB1-2C7D-4B4B-9016-6D498C28B92A}.Debug|Any CPU.Build.0 = Debug|Any CPU
		{390D7EB1-2C7D-4B4B-9016-6D498C28B92A}.Release|Any CPU.ActiveCfg = Release|Any CPU
		{390D7EB1-2C7D-4B4B-9016-6D498C28B92A}.Release|Any CPU.Build.0 = Release|Any CPU
		{863418AF-B1CD-468B-B387-4C17B9184D80}.Debug|Any CPU.ActiveCfg = Debug|Any CPU
		{863418AF-B1CD-468B-B387-4C17B9184D80}.Debug|Any CPU.Build.0 = Debug|Any CPU
		{863418AF-B1CD-468B-B387-4C17B9184D80}.Release|Any CPU.ActiveCfg = Release|Any CPU
		{863418AF-B1CD-468B-B387-4C17B9184D80}.Release|Any CPU.Build.0 = Release|Any CPU
		{D32C12D0-3106-495B-B0FB-6F41C51DB13A}.Debug|Any CPU.ActiveCfg = Debug|Any CPU
		{D32C12D0-3106-495B-B0FB-6F41C51DB13A}.Debug|Any CPU.Build.0 = Debug|Any CPU
		{D32C12D0-3106-495B-B0FB-6F41C51DB13A}.Release|Any CPU.ActiveCfg = Release|Any CPU
		{D32C12D0-3106-495B-B0FB-6F41C51DB13A}.Release|Any CPU.Build.0 = Release|Any CPU
		{6EDB584C-6E2B-4EBF-A190-2BC6443BD7E8}.Debug|Any CPU.ActiveCfg = Debug|Any CPU
		{6EDB584C-6E2B-4EBF-A190-2BC6443BD7E8}.Debug|Any CPU.Build.0 = Debug|Any CPU
		{6EDB584C-6E2B-4EBF-A190-2BC6443BD7E8}.Release|Any CPU.ActiveCfg = Release|Any CPU
		{6EDB584C-6E2B-4EBF-A190-2BC6443BD7E8}.Release|Any CPU.Build.0 = Release|Any CPU
	EndGlobalSection
	GlobalSection(SolutionProperties) = preSolution
		HideSolutionNode = FALSE
	EndGlobalSection
	GlobalSection(ExtensibilityGlobals) = postSolution
		SolutionGuid = {0BB8460A-6C54-4389-A4A9-24F16546F00A}
	EndGlobalSection
EndGlobal
